
Microsoft Visual Studio Solution File, Format Version 12.00
# Visual Studio 15
Project("{FAE04EC0-301F-11D3-BF4B-00C04F79EFBC}") = "UnityEngine.TestRunner", "UnityEngine.TestRunner.csproj", "{EFD089C4-F1AC-BFA0-F52E-2F9AE5AE0868}"
EndProject
Project("{FAE04EC0-301F-11D3-BF4B-00C04F79EFBC}") = "UnityEngine.UI", "UnityEngine.UI.csproj", "{E93944A6-6D3C-9DC2-D8E0-19DBCA3A35AD}"
EndProject
Project("{FAE04EC0-301F-11D3-BF4B-00C04F79EFBC}") = "Unity.VisualScripting.Flow", "Unity.VisualScripting.Flow.csproj", "{312C824D-98DB-76DE-F2A4-670F776B69BF}"
EndProject
Project("{FAE04EC0-301F-11D3-BF4B-00C04F79EFBC}") = "Unity.InputSystem", "Unity.InputSystem.csproj", "{FE2E7455-ED66-AD4E-9B8D-496CE04A386B}"
EndProject
Project("{FAE04EC0-301F-11D3-BF4B-00C04F79EFBC}") = "Unity.VisualScripting.State", "Unity.VisualScripting.State.csproj", "{4F5F2A3A-EEA9-060F-A3A4-4BC1334581FD}"
EndProject
Project("{FAE04EC0-301F-11D3-BF4B-00C04F79EFBC}") = "Unity.VisualScripting.Core", "Unity.VisualScripting.Core.csproj", "{FBCC51C8-2991-1829-533E-50A46A131899}"
EndProject
Project("{FAE04EC0-301F-11D3-BF4B-00C04F79EFBC}") = "Unity.TextMeshPro", "Unity.TextMeshPro.csproj", "{AD171512-DFE4-9F1C-2B6D-6C365C8A5885}"
EndProject
Project("{FAE04EC0-301F-11D3-BF4B-00C04F79EFBC}") = "Unity.Timeline", "Unity.Timeline.csproj", "{62A4C11E-03B3-A9B3-C78C-3220C403509E}"
EndProject
Project("{FAE04EC0-301F-11D3-BF4B-00C04F79EFBC}") = "Unity.InputSystem.ForUI", "Unity.InputSystem.ForUI.csproj", "{46EA6A4E-EAC4-D1AF-2D65-2B98E3343AA0}"
EndProject
Project("{FAE04EC0-301F-11D3-BF4B-00C04F79EFBC}") = "Unity.InputSystem.TestFramework", "Unity.InputSystem.TestFramework.csproj", "{8A77FDA3-F3A8-2111-0E9E-D8395EB042FC}"
EndProject
Project("{FAE04EC0-301F-11D3-BF4B-00C04F79EFBC}") = "Assembly-CSharp", "Assembly-CSharp.csproj", "{1D49AFE5-BCB4-25A6-E032-3597602E8F49}"
EndProject
Project("{FAE04EC0-301F-11D3-BF4B-00C04F79EFBC}") = "Unity.PlasticSCM.Editor", "Unity.PlasticSCM.Editor.csproj", "{FD2E6114-FA26-BDE9-AC1F-5C4FA4C8CA5A}"
EndProject
Project("{FAE04EC0-301F-11D3-BF4B-00C04F79EFBC}") = "Unity.VisualScripting.Core.Editor", "Unity.VisualScripting.Core.Editor.csproj", "{7601C939-9F68-3BE8-E410-E828F216CD13}"
EndProject
Project("{FAE04EC0-301F-11D3-BF4B-00C04F79EFBC}") = "Unity.VisualScripting.Flow.Editor", "Unity.VisualScripting.Flow.Editor.csproj", "{8CE12C74-4386-15CD-EB7C-5249FCB9343B}"
EndProject
Project("{FAE04EC0-301F-11D3-BF4B-00C04F79EFBC}") = "Unity.VisualStudio.Editor", "Unity.VisualStudio.Editor.csproj", "{A33F8E5B-7655-1C08-84E7-74CE433367DC}"
EndProject
Project("{FAE04EC0-301F-11D3-BF4B-00C04F79EFBC}") = "Unity.Timeline.Editor", "Unity.Timeline.Editor.csproj", "{8A6D72A8-37C3-1F17-39FF-EF8D6DEAA8E9}"
EndProject
Project("{FAE04EC0-301F-11D3-BF4B-00C04F79EFBC}") = "Unity.VisualScripting.State.Editor", "Unity.VisualScripting.State.Editor.csproj", "{EB668ECD-E6C5-0ABF-0CAA-F25D59C40215}"
EndProject
Project("{FAE04EC0-301F-11D3-BF4B-00C04F79EFBC}") = "Unity.TextMeshPro.Editor", "Unity.TextMeshPro.Editor.csproj", "{FB269360-1B31-6738-339B-A453C04C88BC}"
EndProject
Project("{FAE04EC0-301F-11D3-BF4B-00C04F79EFBC}") = "Unity.VisualScripting.SettingsProvider.Editor", "Unity.VisualScripting.SettingsProvider.Editor.csproj", "{7F4A672D-EBDF-3722-668E-B7143B1EC3A2}"
EndProject
Project("{FAE04EC0-301F-11D3-BF4B-00C04F79EFBC}") = "UnityEditor.TestRunner", "UnityEditor.TestRunner.csproj", "{277F5DB2-37A0-3F82-465C-C0E7CC3645E1}"
EndProject
Project("{FAE04EC0-301F-11D3-BF4B-00C04F79EFBC}") = "Unity.TestTools.CodeCoverage.Editor", "Unity.TestTools.CodeCoverage.Editor.csproj", "{1ACC446A-8917-1A76-787F-D99817720A6F}"
EndProject
Project("{FAE04EC0-301F-11D3-BF4B-00C04F79EFBC}") = "Unity.Rider.Editor", "Unity.Rider.Editor.csproj", "{793A22F9-EC04-3C2F-2EB2-67EAE32F222A}"
EndProject
Project("{FAE04EC0-301F-11D3-BF4B-00C04F79EFBC}") = "Unity.Performance.Profile-Analyzer.Editor", "Unity.Performance.Profile-Analyzer.Editor.csproj", "{EB5227F7-7EC0-A7AD-E394-A4AEF4933363}"
EndProject
Project("{FAE04EC0-301F-11D3-BF4B-00C04F79EFBC}") = "Unity.VSCode.Editor", "Unity.VSCode.Editor.csproj", "{A123B2D0-91F2-6B55-AA97-D250BFF3E511}"
EndProject
Project("{FAE04EC0-301F-11D3-BF4B-00C04F79EFBC}") = "UnityEditor.UI", "UnityEditor.UI.csproj", "{5ECB225A-5CA6-B069-DAA9-53298F5D1095}"
EndProject
Project("{FAE04EC0-301F-11D3-BF4B-00C04F79EFBC}") = "Unity.TestTools.CodeCoverage.Editor.OpenCover.Model", "Unity.TestTools.CodeCoverage.Editor.OpenCover.Model.csproj", "{4373D638-4A87-7E6D-A483-7F36961F61B0}"
EndProject
Project("{FAE04EC0-301F-11D3-BF4B-00C04F79EFBC}") = "Unity.EditorCoroutines.Editor", "Unity.EditorCoroutines.Editor.csproj", "{2AB7E951-A01F-2B01-15DE-923C487D8838}"
EndProject
Project("{FAE04EC0-301F-11D3-BF4B-00C04F79EFBC}") = "Unity.Settings.Editor", "Unity.Settings.Editor.csproj", "{2899055D-D332-A15E-200E-D2A34AEC8410}"
EndProject
Project("{FAE04EC0-301F-11D3-BF4B-00C04F79EFBC}") = "Unity.CollabProxy.Editor", "Unity.CollabProxy.Editor.csproj", "{DB24396F-3F72-7230-8BBB-7E7EAA00E9C3}"
EndProject
Project("{FAE04EC0-301F-11D3-BF4B-00C04F79EFBC}") = "Unity.TestTools.CodeCoverage.Editor.OpenCover.Mono.Reflection", "Unity.TestTools.CodeCoverage.Editor.OpenCover.Mono.Reflection.csproj", "{672F4FB4-7969-C32D-C102-FAE1E3AD1464}"
EndProject
Project("{FAE04EC0-301F-11D3-BF4B-00C04F79EFBC}") = "Unity.VisualScripting.Shared.Editor", "Unity.VisualScripting.Shared.Editor.csproj", "{A91E30A2-95D2-CF4F-39F9-3F078AF97D4C}"
EndProject
Global
	GlobalSection(SolutionConfigurationPlatforms) = preSolution
		Debug|Any CPU = Debug|Any CPU
		Release|Any CPU = Release|Any CPU
	EndGlobalSection
	GlobalSection(ProjectConfigurationPlatforms) = postSolution
		{EFD089C4-F1AC-BFA0-F52E-2F9AE5AE0868}.Debug|Any CPU.ActiveCfg = Debug|Any CPU
		{EFD089C4-F1AC-BFA0-F52E-2F9AE5AE0868}.Debug|Any CPU.Build.0 = Debug|Any CPU
		{EFD089C4-F1AC-BFA0-F52E-2F9AE5AE0868}.Release|Any CPU.ActiveCfg = Release|Any CPU
		{EFD089C4-F1AC-BFA0-F52E-2F9AE5AE0868}.Release|Any CPU.Build.0 = Release|Any CPU
		{E93944A6-6D3C-9DC2-D8E0-19DBCA3A35AD}.Debug|Any CPU.ActiveCfg = Debug|Any CPU
		{E93944A6-6D3C-9DC2-D8E0-19DBCA3A35AD}.Debug|Any CPU.Build.0 = Debug|Any CPU
		{E93944A6-6D3C-9DC2-D8E0-19DBCA3A35AD}.Release|Any CPU.ActiveCfg = Release|Any CPU
		{E93944A6-6D3C-9DC2-D8E0-19DBCA3A35AD}.Release|Any CPU.Build.0 = Release|Any CPU
		{312C824D-98DB-76DE-F2A4-670F776B69BF}.Debug|Any CPU.ActiveCfg = Debug|Any CPU
		{312C824D-98DB-76DE-F2A4-670F776B69BF}.Debug|Any CPU.Build.0 = Debug|Any CPU
		{312C824D-98DB-76DE-F2A4-670F776B69BF}.Release|Any CPU.ActiveCfg = Release|Any CPU
		{312C824D-98DB-76DE-F2A4-670F776B69BF}.Release|Any CPU.Build.0 = Release|Any CPU
		{FE2E7455-ED66-AD4E-9B8D-496CE04A386B}.Debug|Any CPU.ActiveCfg = Debug|Any CPU
		{FE2E7455-ED66-AD4E-9B8D-496CE04A386B}.Debug|Any CPU.Build.0 = Debug|Any CPU
		{FE2E7455-ED66-AD4E-9B8D-496CE04A386B}.Release|Any CPU.ActiveCfg = Release|Any CPU
		{FE2E7455-ED66-AD4E-9B8D-496CE04A386B}.Release|Any CPU.Build.0 = Release|Any CPU
		{4F5F2A3A-EEA9-060F-A3A4-4BC1334581FD}.Debug|Any CPU.ActiveCfg = Debug|Any CPU
		{4F5F2A3A-EEA9-060F-A3A4-4BC1334581FD}.Debug|Any CPU.Build.0 = Debug|Any CPU
		{4F5F2A3A-EEA9-060F-A3A4-4BC1334581FD}.Release|Any CPU.ActiveCfg = Release|Any CPU
		{4F5F2A3A-EEA9-060F-A3A4-4BC1334581FD}.Release|Any CPU.Build.0 = Release|Any CPU
		{FBCC51C8-2991-1829-533E-50A46A131899}.Debug|Any CPU.ActiveCfg = Debug|Any CPU
		{FBCC51C8-2991-1829-533E-50A46A131899}.Debug|Any CPU.Build.0 = Debug|Any CPU
		{FBCC51C8-2991-1829-533E-50A46A131899}.Release|Any CPU.ActiveCfg = Release|Any CPU
		{FBCC51C8-2991-1829-533E-50A46A131899}.Release|Any CPU.Build.0 = Release|Any CPU
		{AD171512-DFE4-9F1C-2B6D-6C365C8A5885}.Debug|Any CPU.ActiveCfg = Debug|Any CPU
		{AD171512-DFE4-9F1C-2B6D-6C365C8A5885}.Debug|Any CPU.Build.0 = Debug|Any CPU
		{AD171512-DFE4-9F1C-2B6D-6C365C8A5885}.Release|Any CPU.ActiveCfg = Release|Any CPU
		{AD171512-DFE4-9F1C-2B6D-6C365C8A5885}.Release|Any CPU.Build.0 = Release|Any CPU
		{62A4C11E-03B3-A9B3-C78C-3220C403509E}.Debug|Any CPU.ActiveCfg = Debug|Any CPU
		{62A4C11E-03B3-A9B3-C78C-3220C403509E}.Debug|Any CPU.Build.0 = Debug|Any CPU
		{62A4C11E-03B3-A9B3-C78C-3220C403509E}.Release|Any CPU.ActiveCfg = Release|Any CPU
		{62A4C11E-03B3-A9B3-C78C-3220C403509E}.Release|Any CPU.Build.0 = Release|Any CPU
		{46EA6A4E-EAC4-D1AF-2D65-2B98E3343AA0}.Debug|Any CPU.ActiveCfg = Debug|Any CPU
		{46EA6A4E-EAC4-D1AF-2D65-2B98E3343AA0}.Debug|Any CPU.Build.0 = Debug|Any CPU
		{46EA6A4E-EAC4-D1AF-2D65-2B98E3343AA0}.Release|Any CPU.ActiveCfg = Release|Any CPU
		{46EA6A4E-EAC4-D1AF-2D65-2B98E3343AA0}.Release|Any CPU.Build.0 = Release|Any CPU
		{8A77FDA3-F3A8-2111-0E9E-D8395EB042FC}.Debug|Any CPU.ActiveCfg = Debug|Any CPU
		{8A77FDA3-F3A8-2111-0E9E-D8395EB042FC}.Debug|Any CPU.Build.0 = Debug|Any CPU
		{8A77FDA3-F3A8-2111-0E9E-D8395EB042FC}.Release|Any CPU.ActiveCfg = Release|Any CPU
		{8A77FDA3-F3A8-2111-0E9E-D8395EB042FC}.Release|Any CPU.Build.0 = Release|Any CPU
		{1D49AFE5-BCB4-25A6-E032-3597602E8F49}.Debug|Any CPU.ActiveCfg = Debug|Any CPU
		{1D49AFE5-BCB4-25A6-E032-3597602E8F49}.Debug|Any CPU.Build.0 = Debug|Any CPU
		{1D49AFE5-BCB4-25A6-E032-3597602E8F49}.Release|Any CPU.ActiveCfg = Release|Any CPU
		{1D49AFE5-BCB4-25A6-E032-3597602E8F49}.Release|Any CPU.Build.0 = Release|Any CPU
		{FD2E6114-FA26-BDE9-AC1F-5C4FA4C8CA5A}.Debug|Any CPU.ActiveCfg = Debug|Any CPU
		{FD2E6114-FA26-BDE9-AC1F-5C4FA4C8CA5A}.Debug|Any CPU.Build.0 = Debug|Any CPU
		{FD2E6114-FA26-BDE9-AC1F-5C4FA4C8CA5A}.Release|Any CPU.ActiveCfg = Release|Any CPU
		{FD2E6114-FA26-BDE9-AC1F-5C4FA4C8CA5A}.Release|Any CPU.Build.0 = Release|Any CPU
		{7601C939-9F68-3BE8-E410-E828F216CD13}.Debug|Any CPU.ActiveCfg = Debug|Any CPU
		{7601C939-9F68-3BE8-E410-E828F216CD13}.Debug|Any CPU.Build.0 = Debug|Any CPU
		{7601C939-9F68-3BE8-E410-E828F216CD13}.Release|Any CPU.ActiveCfg = Release|Any CPU
		{7601C939-9F68-3BE8-E410-E828F216CD13}.Release|Any CPU.Build.0 = Release|Any CPU
		{8CE12C74-4386-15CD-EB7C-5249FCB9343B}.Debug|Any CPU.ActiveCfg = Debug|Any CPU
		{8CE12C74-4386-15CD-EB7C-5249FCB9343B}.Debug|Any CPU.Build.0 = Debug|Any CPU
		{8CE12C74-4386-15CD-EB7C-5249FCB9343B}.Release|Any CPU.ActiveCfg = Release|Any CPU
		{8CE12C74-4386-15CD-EB7C-5249FCB9343B}.Release|Any CPU.Build.0 = Release|Any CPU
		{A33F8E5B-7655-1C08-84E7-74CE433367DC}.Debug|Any CPU.ActiveCfg = Debug|Any CPU
		{A33F8E5B-7655-1C08-84E7-74CE433367DC}.Debug|Any CPU.Build.0 = Debug|Any CPU
		{A33F8E5B-7655-1C08-84E7-74CE433367DC}.Release|Any CPU.ActiveCfg = Release|Any CPU
		{A33F8E5B-7655-1C08-84E7-74CE433367DC}.Release|Any CPU.Build.0 = Release|Any CPU
		{8A6D72A8-37C3-1F17-39FF-EF8D6DEAA8E9}.Debug|Any CPU.ActiveCfg = Debug|Any CPU
		{8A6D72A8-37C3-1F17-39FF-EF8D6DEAA8E9}.Debug|Any CPU.Build.0 = Debug|Any CPU
		{8A6D72A8-37C3-1F17-39FF-EF8D6DEAA8E9}.Release|Any CPU.ActiveCfg = Release|Any CPU
		{8A6D72A8-37C3-1F17-39FF-EF8D6DEAA8E9}.Release|Any CPU.Build.0 = Release|Any CPU
		{EB668ECD-E6C5-0ABF-0CAA-F25D59C40215}.Debug|Any CPU.ActiveCfg = Debug|Any CPU
		{EB668ECD-E6C5-0ABF-0CAA-F25D59C40215}.Debug|Any CPU.Build.0 = Debug|Any CPU
		{EB668ECD-E6C5-0ABF-0CAA-F25D59C40215}.Release|Any CPU.ActiveCfg = Release|Any CPU
		{EB668ECD-E6C5-0ABF-0CAA-F25D59C40215}.Release|Any CPU.Build.0 = Release|Any CPU
		{FB269360-1B31-6738-339B-A453C04C88BC}.Debug|Any CPU.ActiveCfg = Debug|Any CPU
		{FB269360-1B31-6738-339B-A453C04C88BC}.Debug|Any CPU.Build.0 = Debug|Any CPU
		{FB269360-1B31-6738-339B-A453C04C88BC}.Release|Any CPU.ActiveCfg = Release|Any CPU
		{FB269360-1B31-6738-339B-A453C04C88BC}.Release|Any CPU.Build.0 = Release|Any CPU
		{7F4A672D-EBDF-3722-668E-B7143B1EC3A2}.Debug|Any CPU.ActiveCfg = Debug|Any CPU
		{7F4A672D-EBDF-3722-668E-B7143B1EC3A2}.Debug|Any CPU.Build.0 = Debug|Any CPU
		{7F4A672D-EBDF-3722-668E-B7143B1EC3A2}.Release|Any CPU.ActiveCfg = Release|Any CPU
		{7F4A672D-EBDF-3722-668E-B7143B1EC3A2}.Release|Any CPU.Build.0 = Release|Any CPU
		{277F5DB2-37A0-3F82-465C-C0E7CC3645E1}.Debug|Any CPU.ActiveCfg = Debug|Any CPU
		{277F5DB2-37A0-3F82-465C-C0E7CC3645E1}.Debug|Any CPU.Build.0 = Debug|Any CPU
		{277F5DB2-37A0-3F82-465C-C0E7CC3645E1}.Release|Any CPU.ActiveCfg = Release|Any CPU
		{277F5DB2-37A0-3F82-465C-C0E7CC3645E1}.Release|Any CPU.Build.0 = Release|Any CPU
		{1ACC446A-8917-1A76-787F-D99817720A6F}.Debug|Any CPU.ActiveCfg = Debug|Any CPU
		{1ACC446A-8917-1A76-787F-D99817720A6F}.Debug|Any CPU.Build.0 = Debug|Any CPU
		{1ACC446A-8917-1A76-787F-D99817720A6F}.Release|Any CPU.ActiveCfg = Release|Any CPU
		{1ACC446A-8917-1A76-787F-D99817720A6F}.Release|Any CPU.Build.0 = Release|Any CPU
		{793A22F9-EC04-3C2F-2EB2-67EAE32F222A}.Debug|Any CPU.ActiveCfg = Debug|Any CPU
		{793A22F9-EC04-3C2F-2EB2-67EAE32F222A}.Debug|Any CPU.Build.0 = Debug|Any CPU
		{793A22F9-EC04-3C2F-2EB2-67EAE32F222A}.Release|Any CPU.ActiveCfg = Release|Any CPU
		{793A22F9-EC04-3C2F-2EB2-67EAE32F222A}.Release|Any CPU.Build.0 = Release|Any CPU
		{EB5227F7-7EC0-A7AD-E394-A4AEF4933363}.Debug|Any CPU.ActiveCfg = Debug|Any CPU
		{EB5227F7-7EC0-A7AD-E394-A4AEF4933363}.Debug|Any CPU.Build.0 = Debug|Any CPU
		{EB5227F7-7EC0-A7AD-E394-A4AEF4933363}.Release|Any CPU.ActiveCfg = Release|Any CPU
		{EB5227F7-7EC0-A7AD-E394-A4AEF4933363}.Release|Any CPU.Build.0 = Release|Any CPU
		{A123B2D0-91F2-6B55-AA97-D250BFF3E511}.Debug|Any CPU.ActiveCfg = Debug|Any CPU
		{A123B2D0-91F2-6B55-AA97-D250BFF3E511}.Debug|Any CPU.Build.0 = Debug|Any CPU
		{A123B2D0-91F2-6B55-AA97-D250BFF3E511}.Release|Any CPU.ActiveCfg = Release|Any CPU
		{A123B2D0-91F2-6B55-AA97-D250BFF3E511}.Release|Any CPU.Build.0 = Release|Any CPU
		{5ECB225A-5CA6-B069-DAA9-53298F5D1095}.Debug|Any CPU.ActiveCfg = Debug|Any CPU
		{5ECB225A-5CA6-B069-DAA9-53298F5D1095}.Debug|Any CPU.Build.0 = Debug|Any CPU
		{5ECB225A-5CA6-B069-DAA9-53298F5D1095}.Release|Any CPU.ActiveCfg = Release|Any CPU
		{5ECB225A-5CA6-B069-DAA9-53298F5D1095}.Release|Any CPU.Build.0 = Release|Any CPU
		{4373D638-4A87-7E6D-A483-7F36961F61B0}.Debug|Any CPU.ActiveCfg = Debug|Any CPU
		{4373D638-4A87-7E6D-A483-7F36961F61B0}.Debug|Any CPU.Build.0 = Debug|Any CPU
		{4373D638-4A87-7E6D-A483-7F36961F61B0}.Release|Any CPU.ActiveCfg = Release|Any CPU
		{4373D638-4A87-7E6D-A483-7F36961F61B0}.Release|Any CPU.Build.0 = Release|Any CPU
		{2AB7E951-A01F-2B01-15DE-923C487D8838}.Debug|Any CPU.ActiveCfg = Debug|Any CPU
		{2AB7E951-A01F-2B01-15DE-923C487D8838}.Debug|Any CPU.Build.0 = Debug|Any CPU
		{2AB7E951-A01F-2B01-15DE-923C487D8838}.Release|Any CPU.ActiveCfg = Release|Any CPU
		{2AB7E951-A01F-2B01-15DE-923C487D8838}.Release|Any CPU.Build.0 = Release|Any CPU
		{2899055D-D332-A15E-200E-D2A34AEC8410}.Debug|Any CPU.ActiveCfg = Debug|Any CPU
		{2899055D-D332-A15E-200E-D2A34AEC8410}.Debug|Any CPU.Build.0 = Debug|Any CPU
		{2899055D-D332-A15E-200E-D2A34AEC8410}.Release|Any CPU.ActiveCfg = Release|Any CPU
		{2899055D-D332-A15E-200E-D2A34AEC8410}.Release|Any CPU.Build.0 = Release|Any CPU
		{DB24396F-3F72-7230-8BBB-7E7EAA00E9C3}.Debug|Any CPU.ActiveCfg = Debug|Any CPU
		{DB24396F-3F72-7230-8BBB-7E7EAA00E9C3}.Debug|Any CPU.Build.0 = Debug|Any CPU
		{DB24396F-3F72-7230-8BBB-7E7EAA00E9C3}.Release|Any CPU.ActiveCfg = Release|Any CPU
		{DB24396F-3F72-7230-8BBB-7E7EAA00E9C3}.Release|Any CPU.Build.0 = Release|Any CPU
		{672F4FB4-7969-C32D-C102-FAE1E3AD1464}.Debug|Any CPU.ActiveCfg = Debug|Any CPU
		{672F4FB4-7969-C32D-C102-FAE1E3AD1464}.Debug|Any CPU.Build.0 = Debug|Any CPU
		{672F4FB4-7969-C32D-C102-FAE1E3AD1464}.Release|Any CPU.ActiveCfg = Release|Any CPU
		{672F4FB4-7969-C32D-C102-FAE1E3AD1464}.Release|Any CPU.Build.0 = Release|Any CPU
		{A91E30A2-95D2-CF4F-39F9-3F078AF97D4C}.Debug|Any CPU.ActiveCfg = Debug|Any CPU
		{A91E30A2-95D2-CF4F-39F9-3F078AF97D4C}.Debug|Any CPU.Build.0 = Debug|Any CPU
		{A91E30A2-95D2-CF4F-39F9-3F078AF97D4C}.Release|Any CPU.ActiveCfg = Release|Any CPU
		{A91E30A2-95D2-CF4F-39F9-3F078AF97D4C}.Release|Any CPU.Build.0 = Release|Any CPU
	EndGlobalSection
	GlobalSection(SolutionProperties) = preSolution
		HideSolutionNode = FALSE
	EndGlobalSection
EndGlobal
